
Microsoft Visual Studio Solution File, Format Version 12.00
# Visual Studio 15
VisualStudioVersion = 15.0.27130.2010
MinimumVisualStudioVersion = 10.0.40219.1
Project("{2150E333-8FDC-42A3-9474-1A3956D46DE8}") = "src", "src", "{91C57736-F958-4F6E-8C98-70EFDB9D0D0A}"
EndProject
Project("{2150E333-8FDC-42A3-9474-1A3956D46DE8}") = "test", "test", "{086623A2-865B-4991-8CAD-1473C8920625}"
EndProject
Project("{9A19103F-16F7-4668-BE54-9A1E7A4F7556}") = "Mufu.SpecFlow.NetCore", "src\Mufu.SpecFlow.NetCore\Mufu.SpecFlow.NetCore.csproj", "{376AFB93-6077-469D-8BD1-3B87A1BAD452}"
EndProject
Project("{9A19103F-16F7-4668-BE54-9A1E7A4F7556}") = "Mufu.SpecFlow.NetCore.Test", "test\Mufu.SpecFlow.NetCore.Test\Mufu.SpecFlow.NetCore.Test.csproj", "{1A8046DC-49A9-44D0-913E-71A99E054C5F}"
	ProjectSection(ProjectDependencies) = postProject
		{376AFB93-6077-469D-8BD1-3B87A1BAD452} = {376AFB93-6077-469D-8BD1-3B87A1BAD452}
	EndProjectSection
EndProject
Global
	GlobalSection(SolutionConfigurationPlatforms) = preSolution
		Debug|Any CPU = Debug|Any CPU
		Release|Any CPU = Release|Any CPU
	EndGlobalSection
	GlobalSection(ProjectConfigurationPlatforms) = postSolution
		{376AFB93-6077-469D-8BD1-3B87A1BAD452}.Debug|Any CPU.ActiveCfg = Debug|Any CPU
		{376AFB93-6077-469D-8BD1-3B87A1BAD452}.Debug|Any CPU.Build.0 = Debug|Any CPU
		{376AFB93-6077-469D-8BD1-3B87A1BAD452}.Release|Any CPU.ActiveCfg = Release|Any CPU
		{376AFB93-6077-469D-8BD1-3B87A1BAD452}.Release|Any CPU.Build.0 = Release|Any CPU
		{1A8046DC-49A9-44D0-913E-71A99E054C5F}.Debug|Any CPU.ActiveCfg = Debug|Any CPU
		{1A8046DC-49A9-44D0-913E-71A99E054C5F}.Debug|Any CPU.Build.0 = Debug|Any CPU
		{1A8046DC-49A9-44D0-913E-71A99E054C5F}.Release|Any CPU.ActiveCfg = Release|Any CPU
		{1A8046DC-49A9-44D0-913E-71A99E054C5F}.Release|Any CPU.Build.0 = Release|Any CPU
	EndGlobalSection
	GlobalSection(SolutionProperties) = preSolution
		HideSolutionNode = FALSE
	EndGlobalSection
	GlobalSection(NestedProjects) = preSolution
		{376AFB93-6077-469D-8BD1-3B87A1BAD452} = {91C57736-F958-4F6E-8C98-70EFDB9D0D0A}
		{1A8046DC-49A9-44D0-913E-71A99E054C5F} = {086623A2-865B-4991-8CAD-1473C8920625}
	EndGlobalSection
	GlobalSection(ExtensibilityGlobals) = postSolution
		SolutionGuid = {4BA70536-6BEF-46BF-B6A1-080274A59565}
	EndGlobalSection
EndGlobal
